{
  "name": "bun-dom-testing",
  "lockfileVersion": 3,
  "requires": true,
  "packages": {
    "": {
      "name": "bun-dom-testing",
      "dependencies": {
        "aria-query": "^5.3.0",
        "dom-accessibility-api": "^0.6.3"
      },
      "devDependencies": {
        "@happy-dom/global-registrator": "^12.4.0",
        "@types/node": "^20.8.8",
        "bun-types": "latest",
        "prettier": "^3.0.3"
      },
      "peerDependencies": {
        "typescript": "^5.0.0"
      }
    },
    "node_modules/@happy-dom/global-registrator": {
      "version": "12.4.0",
      "dev": true,
      "license": "MIT",
      "dependencies": {
        "happy-dom": "12.4.0"
      }
    },
    "node_modules/@types/node": {
      "version": "20.8.8",
      "resolved": "https://registry.npmjs.org/@types/node/-/node-20.8.8.tgz",
      "integrity": "sha512-YRsdVxq6OaLfmR9Hy816IMp33xOBjfyOgUd77ehqg96CFywxAPbDbXvAsuN2KVg2HOT8Eh6uAfU+l4WffwPVrQ==",
      "dev": true,
      "dependencies": {
        "undici-types": "~5.25.1"
      }
    },
    "node_modules/aria-query": {
      "version": "5.3.0",
      "license": "Apache-2.0",
      "dependencies": {
        "dequal": "^2.0.3"
      }
    },
    "node_modules/bun-types": {
      "version": "1.0.7",
      "resolved": "https://registry.npmjs.org/bun-types/-/bun-types-1.0.7.tgz",
      "integrity": "sha512-zlIp+SCutbbugs6xDy+3WC3KO3zKySpF/bRfiTk/VJUdKt+WHAzlCtLplS7XglRYDFzhRhlzXMW/R5BHkw+u2Q==",
      "dev": true
    },
    "node_modules/css.escape": {
      "version": "1.5.1",
      "dev": true,
      "license": "MIT"
    },
    "node_modules/dequal": {
      "version": "2.0.3",
      "license": "MIT",
      "engines": {
        "node": ">=6"
      }
    },
    "node_modules/dom-accessibility-api": {
      "version": "0.6.3",
      "license": "MIT"
    },
    "node_modules/entities": {
      "version": "4.5.0",
      "dev": true,
      "license": "BSD-2-Clause",
      "engines": {
        "node": ">=0.12"
      },
      "funding": {
        "url": "https://github.com/fb55/entities?sponsor=1"
      }
    },
    "node_modules/happy-dom": {
      "version": "12.4.0",
      "dev": true,
      "license": "MIT",
      "dependencies": {
        "css.escape": "^1.5.1",
        "entities": "^4.5.0",
        "iconv-lite": "^0.6.3",
        "webidl-conversions": "^7.0.0",
        "whatwg-encoding": "^2.0.0",
        "whatwg-mimetype": "^3.0.0"
      }
    },
    "node_modules/iconv-lite": {
      "version": "0.6.3",
      "dev": true,
      "license": "MIT",
      "dependencies": {
        "safer-buffer": ">= 2.1.2 < 3.0.0"
      },
      "engines": {
        "node": ">=0.10.0"
      }
    },
    "node_modules/prettier": {
      "version": "3.0.3",
      "dev": true,
      "license": "MIT",
      "bin": {
        "prettier": "bin/prettier.cjs"
      },
      "engines": {
        "node": ">=14"
      },
      "funding": {
        "url": "https://github.com/prettier/prettier?sponsor=1"
      }
    },
    "node_modules/safer-buffer": {
      "version": "2.1.2",
      "dev": true,
      "license": "MIT"
    },
    "node_modules/typescript": {
      "version": "5.2.2",
      "resolved": "https://registry.npmjs.org/typescript/-/typescript-5.2.2.tgz",
      "integrity": "sha512-mI4WrpHsbCIcwT9cF4FZvr80QUeKvsUsUvKDoR+X/7XHQH98xYD8YHZg7ANtz2GtZt/CBq2QJ0thkGJMHfqc1w==",
      "peer": true,
      "bin": {
        "tsc": "bin/tsc",
        "tsserver": "bin/tsserver"
      },
      "engines": {
        "node": ">=14.17"
      }
    },
    "node_modules/undici-types": {
      "version": "5.25.3",
      "resolved": "https://registry.npmjs.org/undici-types/-/undici-types-5.25.3.tgz",
      "integrity": "sha512-Ga1jfYwRn7+cP9v8auvEXN1rX3sWqlayd4HP7OKk4mZWylEmu3KzXDUGrQUN6Ol7qo1gPvB2e5gX6udnyEPgdA==",
      "dev": true
    },
    "node_modules/webidl-conversions": {
      "version": "7.0.0",
      "dev": true,
      "license": "BSD-2-Clause",
      "engines": {
        "node": ">=12"
      }
    },
    "node_modules/whatwg-encoding": {
      "version": "2.0.0",
      "dev": true,
      "license": "MIT",
      "dependencies": {
        "iconv-lite": "0.6.3"
      },
      "engines": {
        "node": ">=12"
      }
    },
    "node_modules/whatwg-mimetype": {
      "version": "3.0.0",
      "dev": true,
      "license": "MIT",
      "engines": {
        "node": ">=12"
      }
    }
  }
}
